
Microsoft Visual Studio Solution File, Format Version 12.00
# Visual Studio Version 17
VisualStudioVersion = 17.2.32630.192
MinimumVisualStudioVersion = 10.0.40219.1
Project("{9A19103F-16F7-4668-BE54-9A1E7A4F7556}") = "TCG", "TCG\TCG.csproj", "{3EC69DDB-99B9-4576-816B-CE6EA81839F0}"
EndProject
Project("{9A19103F-16F7-4668-BE54-9A1E7A4F7556}") = "TCGSamples", "TCG Samples\TCGSamples.csproj", "{1963605C-B9DA-489D-9EAC-34A27D4C672F}"
EndProject
Global
	GlobalSection(SolutionConfigurationPlatforms) = preSolution
		Debug|Any CPU = Debug|Any CPU
		Release|Any CPU = Release|Any CPU
	EndGlobalSection
	GlobalSection(ProjectConfigurationPlatforms) = postSolution
		{3EC69DDB-99B9-4576-816B-CE6EA81839F0}.Debug|Any CPU.ActiveCfg = Debug|Any CPU
		{3EC69DDB-99B9-4576-816B-CE6EA81839F0}.Debug|Any CPU.Build.0 = Debug|Any CPU
		{3EC69DDB-99B9-4576-816B-CE6EA81839F0}.Release|Any CPU.ActiveCfg = Release|Any CPU
		{3EC69DDB-99B9-4576-816B-CE6EA81839F0}.Release|Any CPU.Build.0 = Release|Any CPU
		{1963605C-B9DA-489D-9EAC-34A27D4C672F}.Debug|Any CPU.ActiveCfg = Debug|Any CPU
		{1963605C-B9DA-489D-9EAC-34A27D4C672F}.Debug|Any CPU.Build.0 = Debug|Any CPU
		{1963605C-B9DA-489D-9EAC-34A27D4C672F}.Release|Any CPU.ActiveCfg = Release|Any CPU
		{1963605C-B9DA-489D-9EAC-34A27D4C672F}.Release|Any CPU.Build.0 = Release|Any CPU
	EndGlobalSection
	GlobalSection(SolutionProperties) = preSolution
		HideSolutionNode = FALSE
	EndGlobalSection
	GlobalSection(ExtensibilityGlobals) = postSolution
		SolutionGuid = {6D1DE49F-00C5-4ADB-A183-3CD6E02E38BB}
	EndGlobalSection
EndGlobal
